{
    "_meta": {
        "hash": {
            "sha256": "bd76ae8ec81de6cc10c4079fbb63040def852f33986caf32c9ac869f5f8d0bb3"
        },
        "pipfile-spec": 6,
        "requires": {
            "python_version": "2.7"
        },
        "sources": [
            {
                "name": "pypi",
                "url": "https://pypi.org/simple",
                "verify_ssl": true
            }
        ]
    },
    "default": {
        "alabaster": {
            "hashes": [
                "sha256:2eef172f44e8d301d25aff8068fddd65f767a3f04b5f15b0f4922f113aa1c732",
                "sha256:37cdcb9e9954ed60912ebc1ca12a9d12178c26637abdf124e3cde2341c257fe0"
            ],
            "version": "==0.7.10"
        },
        "amqp": {
            "hashes": [
                "sha256:4e28d3ea61a64ae61830000c909662cb053642efddbe96503db0e7783a6ee85b",
                "sha256:cba1ace9d4ff6049b190d8b7991f9c1006b443a5238021aca96dd6ad2ac9da22"
            ],
            "version": "==2.2.2"
        },
        "argh": {
            "hashes": [
                "sha256:a9b3aaa1904eeb78e32394cd46c6f37ac0fb4af6dc488daa58971bdc7d7fcaf3",
                "sha256:e9535b8c84dc9571a48999094fda7f33e63c3f1b74f3e5f3ac0105a58405bb65"
            ],
            "version": "==0.26.2"
        },
        "babel": {
            "hashes": [
                "sha256:8ce4cb6fdd4393edd323227cba3a077bceb2a6ce5201c902c65e730046f41f14",
                "sha256:ad209a68d7162c4cff4b29cdebe3dec4cef75492df501b0049a9433c96ce6f80"
            ],
            "version": "==2.5.3"
        },
        "billiard": {
            "hashes": [
                "sha256:1d7b22bdc47aa52841120fcd22a74ae4fc8c13e9d3935643098184f5788c3ce6",
                "sha256:abd9ce008c9a71ccde2c816f8daa36246e92a21e6a799831b887d88277187ecd"
            ],
            "version": "==3.5.0.3"
        },
        "boto3": {
            "hashes": [
                "sha256:247dc574d96775faa7891ad8fabcc6b7f8fc2b3ab89b55598d2ab252869da886",
                "sha256:d0308aa58e53fb255fa6041a636ced9a0bbd35b3ab3c2c7206207af2f147580f"
            ],
            "index": "pypi",
            "version": "==1.6.5"
        },
        "botocore": {
            "hashes": [
                "sha256:158012844c7a385ef49a93354124878bee7f400e3597dea57202ea87faeefa90",
                "sha256:fa84972784e55ae5f89c2d33b1b10b6ba028cb3733b350df7ed1461e0680ab40"
            ],
            "version": "==1.9.23"
        },
        "celery": {
            "hashes": [
                "sha256:77ff3730198d6a17b3c1f05579ebe570b579efb35f6d7e13dba3b1368d068b35",
                "sha256:81a67f0d53a688ec2bc8557bd5d6d7218f925a6f2e6df80e01560de9e28997ec"
            ],
            "index": "pypi",
            "version": "==4.1.0"
        },
        "certifi": {
            "hashes": [
                "sha256:13e698f54293db9f89122b0581843a782ad0934a4fe0172d2a980ba77fc61bb7",
                "sha256:9fa520c1bacfb634fa7af20a76bcbd3d5fb390481724c597da32c719a7dca4b0"
            ],
            "version": "==2018.4.16"
        },
        "chardet": {
            "hashes": [
                "sha256:84ab92ed1c4d4f16916e05906b6b75a6c0fb5db821cc65e70cbd64a3e2a5eaae",
                "sha256:fc323ffcaeaed0e0a02bf4d117757b98aed530d9ed4531e3e15460124c106691"
            ],
            "version": "==3.0.4"
        },
        "click": {
            "hashes": [
                "sha256:29f99fc6125fbc931b758dc053b3114e55c77a6e4c6c3a2674a2dc986016381d",
                "sha256:f15516df478d5a56180fbf80e68f206010e6d160fc39fa508b65e035fd75130b"
            ],
            "version": "==6.7"
        },
        "cycler": {
            "hashes": [
                "sha256:1d8a5ae1ff6c5cf9b93e8811e581232ad8920aeec647c37316ceac982b08cb2d",
                "sha256:cd7b2d1018258d7247a71425e9f26463dfb444d411c39569972f4ce586b0c9d8"
            ],
            "version": "==0.10.0"
        },
        "ddtrace": {
            "hashes": [
                "sha256:49d71879895e6b12c1e135057cccef10a1e011b3ded4965a90eaa69287b9c1cb"
            ],
            "index": "pypi",
            "version": "==0.8.0"
        },
        "decorator": {
            "hashes": [
                "sha256:2c51dff8ef3c447388fe5e4453d24a2bf128d3a4c32af3fabef1f01c6851ab82",
                "sha256:c39efa13fbdeb4506c476c9b3babf6a718da943dab7811c206005a4a956c080c"
            ],
            "version": "==4.3.0"
        },
        "django": {
            "hashes": [
                "sha256:c007dba5086061f7d0f4d88a3bc4016d881a7eede86d6c1c4fdbbaadddd53f1d",
                "sha256:c213590aa8599b17a9a914ab017f7dc6fc16c9c69603ecf071100346b8d9d777"
            ],
            "index": "pypi",
            "version": "==1.9.13"
        },
        "django-email-extras": {
            "hashes": [
                "sha256:68e41442aa23969c17c46c684506cd509ff1a618f158c3d9cd25e88bf4cfc448",
                "sha256:6d2689635b35acd293873cdd5b36a29da0305bdfa8baad27bab32a5ac50caa09"
            ],
            "index": "pypi",
            "version": "==0.3.3"
        },
        "django-filter": {
            "hashes": [
                "sha256:ab75a8958097d76a64565ed102c4277415bf9880dd2747732b079a6b2aecf43e",
                "sha256:e5d90238600b6ea9f2158880441a47e5f3f0399cefb53ef84040eac57d725563"
            ],
            "index": "pypi",
            "version": "==0.9.2"
        },
        "django-hashedfilenamestorage": {
            "hashes": [
                "sha256:81cb55c808cfd28c791e88ed446a78982b1a42ff1ca607ac6be863c0557371f9"
            ],
            "index": "pypi",
            "version": "==1.0.0"
        },
        "django-js-reverse": {
            "hashes": [
                "sha256:62c540d46b1de17adcbb80ea6ef7239b4ab9793fadae1595383b2be801b1af60",
                "sha256:928273d0cab8425af1851e9cd0de96d54b60e844163deb39bf0fe3b0585705a4"
            ],
            "index": "pypi",
            "version": "==0.6.1"
        },
        "django-mailgun": {
            "hashes": [
                "sha256:d795076d18c0aa66fbac37f8b428f036417a3ec7ecc2d6499c021d318d60bfff"
            ],
            "index": "pypi",
            "version": "==0.9.1"
        },
        "django-mptt": {
            "hashes": [
                "sha256:829724ac56b941f0b8ceb5ec4a32c7575f92eceb86d2558a5d0a2dc76cabe45a",
                "sha256:f83a47f917b27c6e46f837e7fb88b3bf8eabfed14d71edcfb21937b32a713c6b"
            ],
            "index": "pypi",
            "version": "==0.8.5"
        },
        "django-pg-utils": {
            "hashes": [
                "sha256:e7cbc1bff95d2ce929268d6f0f8293b1de6520a64f6c84d5badc7a9f9a5facab"
            ],
            "index": "pypi",
            "version": "==0.1.5"
        },
        "django-postmark": {
            "hashes": [
                "sha256:1707f15adf096f76579f97554761e74468630aba40df4a4592659ee3bcfc709d"
            ],
            "index": "pypi",
            "version": "==0.1.6"
        },
        "django-registration": {
            "hashes": [
                "sha256:543ee96540c7a09ea19cfac7d4d282d921fd9a37cdd4ee2e54074d7feaea7697"
            ],
            "index": "pypi",
            "version": "==2.1.2"
        },
        "django-storages": {
            "hashes": [
                "sha256:7339070cf0c8042f5a885783a0a909175a8dbb68e7f5697d597571c830a460c4",
                "sha256:f1dd5668a4df9a23aff56c8321ea3aac3fda23d9d17473158d308d1b13e5363e"
            ],
            "index": "pypi",
            "version": "==1.6.6"
        },
        "djangorestframework": {
            "hashes": [
                "sha256:4f47056ad798103fc9fb049dff8a67a91963bd215d31bad12ad72b891559ab16",
                "sha256:f606f2bb4e9bb320937cb6ccce299991b2d302f5cc705a671dffca491e55935c"
            ],
            "index": "pypi",
            "version": "==3.3.3"
        },
        "djangorestframework-bulk": {
            "hashes": [
                "sha256:39230d8379acebd86d313df6c9150cafecb636eae1d097c30a26389ab9fee5b1"
            ],
            "index": "pypi",
            "version": "==0.2.1"
        },
        "docutils": {
            "hashes": [
                "sha256:02aec4bd92ab067f6ff27a38a38a41173bf01bed8f89157768c1573f53e474a6",
                "sha256:51e64ef2ebfb29cae1faa133b3710143496eca21c530f3f71424d77687764274",
                "sha256:7a4bd47eaf6596e1295ecb11361139febe29b084a87bf005bf899f9a42edc3c6"
            ],
            "version": "==0.14"
        },
        "factory-boy": {
            "hashes": [
                "sha256:36c949d5c7adefb02d25323b7a5a97dc698e58ef84c4654845ecb2e34bee9a23",
                "sha256:a65ff40d2f478d926539e4687e8033c1eff0f8ec9ea9031a8f7e0d385014a6aa"
            ],
            "index": "pypi",
            "version": "==2.7.0"
        },
        "fake-factory": {
            "hashes": [
                "sha256:60c64a953c03e29fbee6b59fcb700c86a313778d68dc5816fc560ef515019d77",
                "sha256:f5bd18deb22ad8cb4402513c025877bc6b50de58902d686b6b21ba8981dce260"
            ],
            "version": "==9999.9.9"
        },
        "ffmpy": {
            "hashes": [
                "sha256:65abdddfa2561bb86b6c9ecfced53c7a15ea5080db4ddad08da7de5a348929f1"
            ],
            "version": "==0.2.2"
        },
        "functools32": {
            "hashes": [
                "sha256:89d824aa6c358c421a234d7f9ee0bd75933a67c29588ce50aaa3acdf4d403fa0",
                "sha256:f6253dfbe0538ad2e387bd8fdfd9293c925d63553f5813c4e587745416501e6d"
            ],
            "version": "==3.2.3.post2"
        },
        "futures": {
            "hashes": [
                "sha256:9ec02aa7d674acb8618afb127e27fde7fc68994c0437ad759fa094a574adb265",
                "sha256:ec0a6cb848cc212002b9828c3e34c675e0c9ff6741dc445cab6fdd4e1085d1f1"
            ],
            "markers": "python_version == '2.6' or python_version == '2.7'",
            "version": "==3.2.0"
        },
        "gunicorn": {
            "hashes": [
                "sha256:723234ea1fa8dff370ab69830ba8bc37469a7cba13fd66055faeef24085e6530",
                "sha256:813f6916d18a4c8e90efde72f419308b357692f81333cb1125f80013d22fb618"
            ],
            "index": "pypi",
            "version": "==19.6.0"
        },
        "html5lib": {
            "hashes": [
                "sha256:08a3efc117a4fc8c82c3c6d10d6f58ae266428d57ed50258a1466d2cd88de745",
                "sha256:0d5fd54d5b2b79b876007a70c033a4023577768d18022c15681c00561432a0f9"
            ],
            "version": "==1.0b10"
        },
        "httplib2": {
            "hashes": [
                "sha256:e71daed9a0e6373642db61166fa70beecc9bf04383477f84671348c02a04cbdf"
            ],
            "version": "==0.11.3"
        },
        "idna": {
            "hashes": [
                "sha256:2c6a5de3089009e3da7c5dde64a141dbc8551d5b7f6cf4ed7c2568d0cc520a8f",
                "sha256:8c7309c718f94b3a625cb648ace320157ad16ff131ae0af362c9f21b80ef6ec4"
            ],
            "version": "==2.6"
        },
        "imagesize": {
            "hashes": [
                "sha256:3620cc0cadba3f7475f9940d22431fc4d407269f1be59ec9b8edcca26440cf18",
                "sha256:5b326e4678b6925158ccc66a9fa3122b6106d7c876ee32d7de6ce59385b96315"
            ],
            "version": "==1.0.0"
        },
        "jinja2": {
            "hashes": [
                "sha256:74c935a1b8bb9a3947c50a54766a969d4846290e1e788ea44c1392163723c3bd",
                "sha256:f84be1bb0040caca4cea721fcbbbbd61f9be9464ca236387158b0feea01914a4"
            ],
            "version": "==2.10"
        },
        "jmespath": {
            "hashes": [
                "sha256:6a81d4c9aa62caf061cb517b4d9ad1dd300374cd4706997aff9cd6aedd61fc64",
                "sha256:f11b4461f425740a1d908e9a3f7365c3d2e569f6ca68a2ff8bc5bcd9676edd63"
            ],
            "version": "==0.9.3"
        },
        "jsonfield": {
            "hashes": [
                "sha256:a0a7fdee736ff049059409752b045281a225610fecbda9b9bd588ba976493c12",
                "sha256:beb1cd4850d6d6351c32daefcb826c01757744e9c863228a642f87a1a4acb834"
            ],
            "index": "pypi",
            "version": "==2.0.2"
        },
        "kolibri": {
            "hashes": [
                "sha256:4b71ec004162c0c579ba46dadbccc92163cf5926faf2e06c1cfa2c579fb53acd",
                "sha256:ef191cfc94b64240c8f1a9b8376d8e63921a0f216dadc501dd160972c52d8502"
            ],
            "index": "pypi",
            "version": "==0.7.0"
        },
        "kombu": {
            "hashes": [
                "sha256:01f0da9fe222a2183345004243d1518c0fbe5875955f1b24842f2d9c65709ade",
                "sha256:4249d9dd9dbf1fcec471d1c2def20653c9310dd1a217272d77e4844f9d5273cb"
            ],
            "version": "==4.1.0"
        },
        "le-utils": {
            "hashes": [
                "sha256:a6e91cf1cde3f0caee1ae003329a993a3c53bac0c814678f630d2b3b72fd32e4"
            ],
            "index": "pypi",
            "version": "==0.1.10"
        },
        "livereload": {
            "hashes": [
                "sha256:583179dc8d49b040a9da79bd33de59e160d2a8802b939e304eb359a4419f6498",
                "sha256:dd4469a8f5a6833576e9f5433f1439c306de15dbbfeceabd32479b1123380fa5"
            ],
            "version": "==2.5.2"
        },
        "markdown": {
            "hashes": [
                "sha256:30ff37bf64245c5fe4c6fbb6967efacd03bef9abbd0fc1de3c888d26a9dbc85b",
                "sha256:df3bbae578f29767571b5ce67a4702fe14ed6710b97bab59251a5113b6bec3a3",
                "sha256:ee17d0d7dc091e645dd48302a2e21301cc68f188505c2069d8635f94554170bf"
            ],
            "index": "pypi",
            "version": "==2.6.2"
        },
        "markupsafe": {
            "hashes": [
                "sha256:a6be69091dac236ea9c6bc7d012beab42010fa914c459791d627dad4910eb665"
            ],
            "version": "==1.0"
        },
        "matplotlib": {
            "hashes": [
                "sha256:1f4008bc8eb3b3d1bb8e0baa0d80f715faf4e56868b54207bad715f19cb58bec",
                "sha256:232d16c168e45a47d13cccdd8f15c57294ba8bfb08f2987c5ca4cb48b14a2ae1",
                "sha256:2336234af83a34f933e44774b22dc338008b65c3c1b8c0ec5ebf030fa2dd810d",
                "sha256:36cf0985829c1ab2b8b1dae5e2272e53ae681bf33ab8bedceed4f0565af5f813",
                "sha256:3c590e857cabbaa4482a442bd43ac6cdd5ca5cfc0842206f066d9a3fd008a9d5",
                "sha256:519bb90fe31b6de9fa3748a9f3aa3167f66c2cd6afb62c50f7b08d8e77a6cda6",
                "sha256:68812731a15714acc54a8a6deceed9f40b4701bbdb0f3868efd5aaa9d42616aa",
                "sha256:8481a8b7f193a297dbdc506b20ca2a107a1268917de3005e9cbf44086b2ef0ea",
                "sha256:8cef2f7e11c7a1fb35999d35531276b0a5ecbc3314fa12fed162e0248b8216c1",
                "sha256:904a175465c38901446054012f072d5bac0e11d29ed8680db1fefadca49280cf",
                "sha256:9407e9ff58e1389801ce2c44e3fe6f17c4ef5d711f1a8578252be3fa02ba1f42",
                "sha256:955d85d3776cb88dac3c7548408f38f5634e8e8dc84c2c8832f1cfa9a81d38d6",
                "sha256:9f3c06e162c1164a2bd0c3ab3de9e0b0edf1e95dd179acca13ddb397072f40bf",
                "sha256:a44d76adf2ec926065938a826fd4285f68372a7f68ece984888902691569323f",
                "sha256:aef5e500778d67ad3c7ebba8de6a250efffc473b0f65b5e52d1f0f7293a64e24",
                "sha256:b2f457bdf65f2779c9e863649fb4f7e081e0b0ccb26c6d4f04243eb1d25a8976",
                "sha256:bcb21c7b25b6cdaf817d1543fd55e30feafeda0aeb1b07f7b937e6078f06dcdf",
                "sha256:c28dc247902c2fcbdf21aa1a3ed4d16b9656df2ea64122cb71681a2e298426d2",
                "sha256:d9cc87d24d4823dfd58aa367aa998aa16638c9ae896c766a54d347f40f4851e1",
                "sha256:e63b1b2675557cffe1251dd3ca622ed9d76f0e1d57e44ad8661347f37dd466a6",
                "sha256:e83ca613859ddbf12272c4ad861f4f588686f7a1faa567f2f21ca61c72199f66",
                "sha256:fcc9c9e94fa9bdefd630853d9937fa47131685eeae2e22242c9b68973f9f13ce",
                "sha256:fd56caf5883fcac895a7009f61249204533e67354c017dcccb9821205f2210ff"
            ],
            "version": "==2.0.0"
        },
        "metaphone": {
            "hashes": [
                "sha256:ad0beadca66cb7ec6ede71ef72bb02da097c493ddf159930d6340bc83f53da27"
            ],
            "index": "pypi",
            "version": "==0.6"
        },
        "minio": {
            "hashes": [
                "sha256:019c1021e0488b9c1917cc8866c4974660e9b5226e3fb17c11eca679ee3f5936",
                "sha256:19b27a30d2c3c4e46af4bd880b24b9ecdd8c45c644234838b71218e596df71a1",
                "sha256:86af3be658d0237680b0fc9f8a40b0d0a0d4a6daa938e412d747c9b7ab552fda"
            ],
            "index": "pypi",
            "version": "==3.0.3"
        },
        "msgpack-python": {
            "hashes": [
                "sha256:378cc8a6d3545b532dfd149da715abae4fda2a3adb6d74e525d0d5e51f46909b"
            ],
            "version": "==0.5.6"
        },
        "newrelic": {
            "hashes": [
                "sha256:437782a9446a4d3589d9b4568cd4848411988bbbf3dd46ec92f0624e8cdc8b93"
            ],
            "index": "pypi",
            "version": "==2.86.3.70"
        },
        "numpy": {
            "hashes": [
                "sha256:130105bfc0b03245115da67b441c48597bf1ed7f5385f8388ce4f75cdf2f91d2",
                "sha256:3b21dc40fa1e2450dee8cf54991b0f95c415ac508d5db1227338efcf03c162cd",
                "sha256:405ce136edb18c6f1f8c5acc75d7d8fbb875cc8b5015562251b93435099233d3",
                "sha256:43ccfed0092def52b924e004780517c762f8fce3ececbd3f8e2580ac0538bb5e",
                "sha256:47b4c4da2fe0618b65fd70987a414fdc24c09e1ffdff77f7147a3c6627b07596",
                "sha256:4c64d9c389827f310c7f4e7887b741c34c6b2c337ff63a12f66ef0197fdf5366",
                "sha256:4eac5f2f624c5e7eecbdb51395ff39a099c48cab607a158f16f288c6fe39a2b3",
                "sha256:56e68de63ae738f40669b6a5f0601f9453940a0470a1e9bea16448e5b53f5f28",
                "sha256:5cb6341fc885b101978328d3c8d51a069a97a00699a30891106ef7dda56a0d30",
                "sha256:5dd60892710df0ef654bbf4d1e3cb53ac79845e55a96e4a26dd47218e06d819a",
                "sha256:727d6373355b00b96d9320254a676b878d6cd43ae409186bec27eec3e5e4e6e7",
                "sha256:7e9015bc5de54c8bd73ca750ccedfda25d34a25a767caf802740d35a692ec3ab",
                "sha256:818d5a1d5752d09929ce1ba1735366d5acc769a1839386dc91f3ac30cf9faf19",
                "sha256:92dce120e385767cbe433719b5e3fdb1ac81907140d3984b3187208f79aff19f",
                "sha256:95e52d1077abeead6d205c1fc644f075228813859bb625960c1ae1248c4189ba",
                "sha256:9cd16915a815c2f04633d14e7640083c1b72e82b325439c91370adfd376c9975",
                "sha256:9ce673bb7b6240b94b60b52186f5c0825f4b31e8191c8bc7412a7d0348fca2cd",
                "sha256:a65266a4ad6ec8936a1bc85ce51f8600634a31a258b722c9274a80ff189d9542",
                "sha256:bcbce5ef18dc826ef67756a0d3669baca815c8d44b26867c6865f714a23d9262",
                "sha256:ca917155b35b3bcc68ef1ad82570a29414f5088495ea8f68c65b071c50e64340",
                "sha256:cd7892f7d644d1b4ed2ead254d4851616c07ecf82618e3203e2a81747ffb6069",
                "sha256:d8dbd7e35e4819e059a044c7545d5602937d6b666dbd9b6eb8ff40037ab0980c",
                "sha256:e97cecd783e8e7e70d18a42f6df7f18be14cbcc82fb9b837b03d072d1401ae53"
            ],
            "version": "==1.12.1"
        },
        "pathlib": {
            "hashes": [
                "sha256:6940718dfc3eff4258203ad5021090933e5c04707d5ca8cc9e73c94a7894ea9f"
            ],
            "index": "pypi",
            "version": "==1.0.1"
        },
        "pathtools": {
            "hashes": [
                "sha256:7c35c5421a39bb82e58018febd90e3b6e5db34c5443aaaf742b3f33d4655f1c0"
            ],
            "version": "==0.1.2"
        },
        "pdfkit": {
            "hashes": [
                "sha256:05f1c631e8d9ab877886955da825e48b459e097886a21448ab17b34c60cfd66c",
                "sha256:6a866c9659e62a81abd72cdb32b400762d76085b964beb0b15106d573a539677",
                "sha256:a315a665c266db28fb751891d0661fe5e750ced812cb4eadb3ce63afba9a7475",
                "sha256:ef1da35b78d534197e7ce4a604a4a190e9aa769e56634957535f3479a50d8cd1"
            ],
            "index": "pypi",
            "version": "==0.6.1"
        },
        "pillow": {
            "hashes": [
                "sha256:0013f590a8f260df60bcfd65db19d18efc04e7f046c3c82a40e2e2b3292a937c",
                "sha256:0b899ee80920bb533f26581af9b4660bc12aff4562555afe74e429101ebf3c94",
                "sha256:12f29d6c23424f704c66b5b68c02fe0b571504459605cfe36ab8158359b0e1bb",
                "sha256:135e9aa65150c53f7db85bf2bebb8a0e1a48ea850e80cf66e16dd04fa09d309c",
                "sha256:153ec6f18f7b61641e0e6e502acfaf4a06c9aba2ea11c0b4b3578ea9f13a4a4a",
                "sha256:17fe25efc785194d48c38fad85dce470013ba19d2fb66639e149f14bccf1327f",
                "sha256:1912b7230459fd53682dae32b83cbd8e5d642ba36d4be18566f00a9c063aa13d",
                "sha256:1a5b93084e01328a1cb1ecdad99d11d75e881e89a95f88d85b523646553b36c2",
                "sha256:25193f934d37d836a6b1f4c062ce574a96cbca7c6d9dc8ddfbbac7f9c54deaa4",
                "sha256:2c042352b430d678db50c78c5214e19638eff8b688941271da2de21fd298dfe5",
                "sha256:2e818dbe445e86fc6c266973fe540c35125c42eb2cf13a6095e9adaa89c0deb5",
                "sha256:2fcde9954c8882d1c7f93bb828caa34a4c5e3ee69dbc7895dc8652ad972b455a",
                "sha256:35f7d998b8e82fb3fb51ff88b30485eb81cd7dd56ec7e1a8deba23eb88532d44",
                "sha256:37cc0339abfa9e295c75d9a7f227d35cb44716feb95057f9449c4a9e9a17daf7",
                "sha256:43334f9581cd067945b8898cef9eb5714ee4883f8de0304c011f1dbdb1d4e2aa",
                "sha256:4bd4a71501b6d51db4abc07e1f43f5a6fed0a1a9583cca0b401d6af50284b0db",
                "sha256:57aa6198ba8acba1313c3b743e267d821a60cac77e6026caf0b55ca58d3d23be",
                "sha256:5b0d657460d9f3615876fec6306e97ca15a471f6169b622d76a47e270998acf1",
                "sha256:5cd36804f9f06a914a883fe682df5711d16d7b4f44d43189c5f013e7cd91e149",
                "sha256:6977cf073d83358b34f93abf5c1f1193b88675fe0e4441e0e28318bc3dcba7a0",
                "sha256:718ec7a122b28d64afc5fbc3a9b99bb0545ef511373cac06fe7624520e82cb20",
                "sha256:7dfbefdb3fb911ca9faed307bf309861e9995e36cca6b761c7ba6d9b77a9744a",
                "sha256:801cca8923508311bf5d6d0f7da5362552e8208ebd8ec0d7b9f2cd2ff5705734",
                "sha256:82b172e3264e62372c01b5b009b5b1a02fbb9276cbe5cc57ab00a6d6e5ed9a18",
                "sha256:82d1ff571489765df2816785d532e243bde213752156c227fca595723ec5ff42",
                "sha256:8580fc58074a16b749905b26cf8363f7b628dd167ba0130f5382cdc91c86b509",
                "sha256:931030d1d6282b7900e6b0a7ff9ecdb503b5e1e6781800dab2b71a9f39405bff",
                "sha256:9525cd680a6f9e80c6c0af03cf973e6505c59f60b4745f682cd1a449e54b31bb",
                "sha256:a224651a81e45ef4f1d0164e256c5f6b4abb49f2ae8f22ba2f3a9d0ff338e608",
                "sha256:a370d1c570f1d72e877099651e752332444b1c5009381f043c9da5fd47f3ebae",
                "sha256:b1d33c63a55d0d85df0ad02b2c16158fb4d8153afa7b908f1a67330fac694cd6",
                "sha256:b2240f298482f823576f397bb9f32ea913ad9456c526e141bc6f0a022b37a3e8",
                "sha256:b85f703c2ffe539313e39ce0676bed0f355cec45a16e58c9ab7417445843047c",
                "sha256:b9f63451084a718eccdeb1e382768c94647915653af4d6019f64560d9e98642b",
                "sha256:c793dfaa130847ccff958492b76ae8b9304e60b8a79a92962cb19e368276a22b",
                "sha256:d60c1625b108432ace8b1fa1a584017e5efa73f107d0f493c7f39c79bebf1d41",
                "sha256:dc4b018d5c9b636f7546583c5591b9ea00c328c3e5871992ef5b95bac353f097",
                "sha256:ddd16ab250b4fc97db1c47407e78c25216a75c29d29d10ad37e51b7a2ec7b2c3",
                "sha256:e126ff4fed71e78333840c07279e1617f63cfca76d63ad5b27d65a7277206a3d",
                "sha256:f8d49be8c282df8d2e1ab6ab53ab8abd859b1fa6fed384457ee85c9eff64ef97",
                "sha256:fcf64c91fd44485100a2965d23bb0e227d093e91f7e776c5ca3b32574766eb56"
            ],
            "index": "pypi",
            "version": "==5.0.0"
        },
        "port-for": {
            "hashes": [
                "sha256:b16a84bb29c2954db44c29be38b17c659c9c27e33918dec16b90d375cc596f1c"
            ],
            "version": "==0.3.1"
        },
        "porter2stemmer": {
            "hashes": [
                "sha256:561b2537767a086e3bd33558e8f3cd4cb60ee2b0240c4c06eb98754601db34dd",
                "sha256:ba478ad6550258a1fd8e102e554387dd9ac73f73059483eefee98211f0ad5244"
            ],
            "index": "pypi",
            "version": "==1.0"
        },
        "pressurecooker": {
            "hashes": [
                "sha256:2ccdc7fee4a32ff9bfd980578dd005f2cacf39ead0a7dd439e00fbfc8b2edcf9",
                "sha256:63a7fa5ece66617140388971772590aa8598809a3e4397887eaa2bde7661e372"
            ],
            "index": "pypi",
            "version": "==0.0.15"
        },
        "progressbar2": {
            "hashes": [
                "sha256:8600401956fc07852b309483590b424529ada8566447b2900a565218c66ee32c",
                "sha256:abf5275650ce803dd9cc0043342882f19925bb41768381715aff9f02b8a26007"
            ],
            "index": "pypi",
            "version": "==3.36.0"
        },
        "psutil": {
            "hashes": [
                "sha256:13a6377cc8d2859f846058170830127822877e05229c4a43aea893cdcb504d65",
                "sha256:3003d8be6e86eb6beb990863a88950f9b9fe53ccaae92edcd8efcd152d7451ea",
                "sha256:46cbfd86d6762e63c7df4ab0df889f6f2fffa9b5781ea3fc0431237f2a408382",
                "sha256:4be182c273758dcdbd30827fdeecd889e27cb6a30238798e91bddeebc29cdc4f",
                "sha256:5b7228cb69fdaea5aeb901704f5ecd21b7846aa60c2c8d408f22573fcbaa7e6f",
                "sha256:8f25aad572bde88d5ee0b3a11a75ff2ae3c8b0a334c4128d6f8eb4fc95172734",
                "sha256:9c4fd3cc19bbc04eaa7ef3c61e3db26a41ac5e056f770977211d4569d0bf0086",
                "sha256:9efbd578d2f400dfe0ecab123b58d8af105854fdbb6222f841151e010e820b75",
                "sha256:c8ab17e07ea4907d2f9129254e82b6765ae08e61f0ce6dc8e2fc1faf145b166c",
                "sha256:d3290bd4a027fa0b3a2e2ee87728056fe49d4112640e2b8c2ea4dd94ba0cf057",
                "sha256:da7650e2f3fcf06419d5ad75123e6c68b9bf5ff2a6c91d4c77aaed8e6f444fc4",
                "sha256:e0065e7cade4ac5ac70411674bc32326dee8d11c44469012a2b5164bf6dea97a",
                "sha256:e7cc26f661c9eaa9b32d0543dd7838daea72aad6e9f02fe73715ffd0dcb65170",
                "sha256:f3d68eb44ba49e24a18d6f7934463478294a49152f97fea2eefe1e1e1ee957f3",
                "sha256:f9be0ae975b55a3b5d5a8b769560096d76184b60a56c6e88ff6b7ebecf1bc684"
            ],
            "index": "pypi",
            "version": "==3.1.1"
        },
        "psycopg2-binary": {
            "hashes": [
                "sha256:02eb674e3d5810e19b4d5d00720b17130e182da1ba259dda608aaf33d787347d",
                "sha256:3a14baeabcebd4662f12f4bff03e0574a2369a2e41baf829e6fb4a24c95cf88b",
                "sha256:436a503eda41f6adb08f292f40a3784fce0a5f351b6ae7b19a911904db53af93",
                "sha256:465ff1d427ed42c31e456dbbd9edab3552be18a0edaef7450c5b3e6fee745052",
                "sha256:4a1a5ea2fa4b53191637b162873a82822d92a85a08beefe28296b8eb5cf2fea5",
                "sha256:4a4f23a08fbccbe40ecdb5384d807bcb469ea71dd87e6be2e80b036b8e6d47df",
                "sha256:77a2fc622a1f2d08a707673c9be5769d521f03d867d305f172bb417fa7882754",
                "sha256:8014c06a9ed7b78ba81beff3ae71acd78c212390f8ed839e9ce22735880bd5b4",
                "sha256:83af04029bcb4b56c852e5876fef71340dcb465fa44fc99f80bac72e10fb0b74",
                "sha256:86c0d2587f56776f25d52cca8e275adf495c8e01933fbfc2ca23b124610ab761",
                "sha256:9305d7cbc802aaefac5c75a3df725f2654797369f32b18d4d0adb382dfab6c09",
                "sha256:9b5ddbed85ec73293695d7116589d956ef0dd3fcf7bf3b2a3bc1e8e54c1d543a",
                "sha256:a3d2cc0cb0b988dbfd0d11f7fac34058b25a6ce533ed5b8e88d6cb315e77d54a",
                "sha256:ab1db8f3e96570d9f7ebc45133ce2574804b2280499baade178e163d022107b5",
                "sha256:b039f51bca1ddd70234cc3f84f94f42ad43861b931bdfb497f887c60c39a6565",
                "sha256:b287ddf4cafcfb632974907d1e7862119e36bb758228bdb07dd247553e4cdfc0",
                "sha256:b6b2b26590304d97ef2af28d153ee99ace6fe0806934f4618edfc87216c77f91",
                "sha256:c4c6004d410c77bfa5389ae9485498ce32805447a67afbfe8db0d247a5c88fa1",
                "sha256:c606bff0978ee4858d86d40f6b6ab0c4cac4474f627bd054683dc03a4fc1a366",
                "sha256:c8220c521a408b41c4f14036004a621ed0d965941286b978cd2ea2623fabd755",
                "sha256:cb07184a4bfad304831f0a88b1c13fbd8cf9fcdf1f11e71c477dd6d7b1b078a0",
                "sha256:cf3911fba0c47fc1313b5783183cda301032b14637a0b7a336766ae46998c7ee",
                "sha256:d0972f062c73956332e9681dfdb133168618f0abfecc96e89f0205ac89cd454b",
                "sha256:d1dd3eb8edd354083f5d27b968c5a17854c41347ba5a480b520be85ec1a8495c",
                "sha256:d51c7ed810fce1e50464088c37cc8da05534de8afb12a732500827ebcc480081",
                "sha256:d8940b5104588d6313315e037f0f5ed68d2e5f62ccc1c429d3cff11d2ba6de3f",
                "sha256:de4f88f823037a71ea5ef3c1041d96b8a68d73343133edda684fd42f575bd9d7"
            ],
            "index": "pypi",
            "version": "==2.7.4"
        },
        "pycountry": {
            "hashes": [
                "sha256:d31321e59a134aac326ac07d4b2595d63f7e7f755bcb503bdecca2bd1b54ff2f"
            ],
            "index": "pypi",
            "version": "==17.5.14"
        },
        "pygments": {
            "hashes": [
                "sha256:78f3f434bcc5d6ee09020f92ba487f95ba50f1e3ef83ae96b9d5ffa1bab25c5d",
                "sha256:dbae1046def0efb574852fab9e90209b23f556367b5a320c0bcb871c77c3e8cc"
            ],
            "version": "==2.2.0"
        },
        "pyparsing": {
            "hashes": [
                "sha256:0832bcf47acd283788593e7a0f542407bd9550a55a8a8435214a1960e04bcb04",
                "sha256:281683241b25fe9b80ec9d66017485f6deff1af5cde372469134b56ca8447a07",
                "sha256:8f1e18d3fd36c6795bb7e02a39fd05c611ffc2596c1e0d995d34d67630426c18",
                "sha256:9e8143a3e15c13713506886badd96ca4b579a87fbdf49e550dbfc057d6cb218e",
                "sha256:b8b3117ed9bdf45e14dcc89345ce638ec7e0e29b2b579fa1ecf32ce45ebac8a5",
                "sha256:e4d45427c6e20a59bf4f88c639dcc03ce30d193112047f94012102f235853a58",
                "sha256:fee43f17a9c4087e7ed1605bd6df994c6173c1e977d7ade7b651292fab2bd010"
            ],
            "version": "==2.2.0"
        },
        "pypdf2": {
            "hashes": [
                "sha256:e28f902f2f0a1603ea95ebe21dff311ef09be3d0f0ef29a3e44a932729564385"
            ],
            "version": "==1.26.0"
        },
        "python-dateutil": {
            "hashes": [
                "sha256:891c38b2a02f5bb1be3e4793866c8df49c7d19baabf9c1bad62547e0b4866aca",
                "sha256:95511bae634d69bc7329ba55e646499a842bc4ec342ad54a8cdb65645a0aad3c"
            ],
            "version": "==2.6.1"
        },
        "python-gnupg": {
            "hashes": [
                "sha256:38f18712b7cfdd0d769bc88a21e90138154b9be2cbffb1e7d28bc37ee73a1c47",
                "sha256:5a54a6dd25bf78d3758dd7a1864f4efd122f9ca9402101d90e3ec4483ceafb73"
            ],
            "version": "==0.4.2"
        },
        "python-postmark": {
            "hashes": [
                "sha256:83de7c3abc4e46d1d5c0a759325df8d1f4a4c61a5c3ad4f5f3056cdb5a971dc2"
            ],
            "index": "pypi",
            "version": "==0.5.0"
        },
        "python-resize-image": {
            "hashes": [
                "sha256:41fb4420db20451d26e59441de4f9e59e02e4fff34fb0ba7216b045d1cf10cdd"
            ],
            "index": "pypi",
            "version": "==1.1.11"
        },
        "python-utils": {
            "hashes": [
                "sha256:34aaf26b39b0b86628008f2ae0ac001b30e7986a8d303b61e1357dfcdad4f6d3",
                "sha256:e25f840564554eaded56eaa395bca507b0b9e9f0ae5ecb13a8cb785305c56d25"
            ],
            "version": "==2.3.0"
        },
        "pytz": {
            "hashes": [
                "sha256:65ae0c8101309c45772196b21b74c46b2e5d11b6275c45d251b150d5da334555",
                "sha256:c06425302f2cf668f1bba7a0a03f3c1d34d4ebeef2c72003da308b3947c7f749"
            ],
            "version": "==2018.4"
        },
        "pyyaml": {
            "hashes": [
                "sha256:0c507b7f74b3d2dd4d1322ec8a94794927305ab4cebbe89cc47fe5e81541e6e8",
                "sha256:16b20e970597e051997d90dc2cddc713a2876c47e3d92d59ee198700c5427736",
                "sha256:3262c96a1ca437e7e4763e2843746588a965426550f3797a79fca9c6199c431f",
                "sha256:326420cbb492172dec84b0f65c80942de6cedb5233c413dd824483989c000608",
                "sha256:4474f8ea030b5127225b8894d626bb66c01cda098d47a2b0d3429b6700af9fd8",
                "sha256:592766c6303207a20efc445587778322d7f73b161bd994f227adaa341ba212ab",
                "sha256:5ac82e411044fb129bae5cfbeb3ba626acb2af31a8d17d175004b70862a741a7",
                "sha256:5f84523c076ad14ff5e6c037fe1c89a7f73a3e04cf0377cb4d017014976433f3",
                "sha256:827dc04b8fa7d07c44de11fabbc888e627fa8293b695e0f99cb544fdfa1bf0d1",
                "sha256:b4c423ab23291d3945ac61346feeb9a0dc4184999ede5e7c43e1ffb975130ae6",
                "sha256:bc6bced57f826ca7cb5125a10b23fd0f2fff3b7c4701d64c439a300ce665fff8",
                "sha256:c01b880ec30b5a6e6aa67b09a2fe3fb30473008c85cd6a67359a1b15ed6d83a4",
                "sha256:ca233c64c6e40eaa6c66ef97058cdc80e8d0157a443655baa1b2966e812807ca",
                "sha256:e863072cdf4c72eebf179342c94e6989c67185842d9997960b3e69290b2fa269"
            ],
            "version": "==3.12"
        },
        "redis": {
            "hashes": [
                "sha256:5dfbae6acfc54edf0a7a415b99e0b21c0a3c27a7f787b292eea727b1facc5533",
                "sha256:97156b37d7cda4e7d8658be1148c983984e1a975090ba458cc7e244025191dbd"
            ],
            "index": "pypi",
            "version": "==2.10.5"
        },
        "reportlab": {
            "hashes": [
                "sha256:0474d275d83d850f24e3ccdacab1e81393cd43504a30808651ea909e52792624",
                "sha256:108b59f384bcdeb64147be778c700083cc5e81d1e15d7ab1980c92f177421087",
                "sha256:2d39db61b6d7d003e10bd170698fffef3e12b2ed86e14e3e57112ac448e9d8cb",
                "sha256:3adaca93567100236ecf0027f4fca5738cc26cc333438853d3d5f3f88d024b6f",
                "sha256:539fb522fb5717f7c11388f474c1cfb2958b4b94774eecffab7a40eeb8ba797c",
                "sha256:554438f00e83b16302f84db06f3b18b0ebef85c57becc873155f388cdd22e2b5",
                "sha256:582cf2acc6665e082bf7b2d9a78c6217a54fc666679d413c32b9c8f43ba6ee26",
                "sha256:5beaf35e59dfd5ebd814fdefd76908292e818c982bd7332b5d347dfd2f01c343",
                "sha256:64bb24267ae4f35436f04913fcffb84f9f40d86545cc1dcce78df0f49451d0af",
                "sha256:6b019655ec42ea1fb7e1ae2017de5a6ad5ce3ed74e510fa4bbcba2afe3e836a4",
                "sha256:7198c012a6e706dbae349a36f2e599a4a1a01e37cbfc86fb137d79614c5a5011",
                "sha256:775259f56d9ec8715c64542fa3504d8ccb37dab7e0814a1949895f8f1412198c",
                "sha256:86cb27afdee2e767255c2563402e64a6e0b15c3d4fc6b270a7ed79bad7582b8e",
                "sha256:917c38d256422d3a8d17cff3de05e425c3ffeb6d535174ce9b2c7d04ce5eadd1",
                "sha256:98e8d49597b2611b4cfe8c4c80abe7885c1e0dac2b458f4ca4b4d8ce58319815",
                "sha256:a71b183f34a55bbf127ef9b30a00400559fcb68d677bb63c9eda1094a09c2b01",
                "sha256:a7c38d4dbfaea4685fb40bdf8a35caee94633ab66ffa951c845c78d3b288a693",
                "sha256:ab610aa2e80051d54eca8f8fb1f00fc995624dc5a44c10a4740397b66aedf915",
                "sha256:b2931888c135151f1eaacfccd7df3a7701404c2741470f75827f01e6a576c2d3",
                "sha256:cdf8df8123b510b9ad3ec7f80e83fc7dbc4c16640264080966789190b27af04e",
                "sha256:d54b1a4ab3ac016dd0fc5ffb495ce8a174e0601d9f8ff9e023924c661400b629",
                "sha256:fa5d0f881d107d7e7528f16462a19419f8da1da9ceb801974f05fd2d211f336d",
                "sha256:fdc6d44d7881259bb2bc7d85fea5d6e4965844f94391b07e5b3c899a9b5c2baa"
            ],
            "index": "pypi",
            "version": "==3.4.0"
        },
        "requests": {
            "hashes": [
                "sha256:6a1b267aa90cac58ac3a765d067950e7dbbf75b1da07e895d1f594193a40a38b",
                "sha256:9c443e7324ba5b85070c4a818ade28bfabedf16ea10206da1132edaa6dda237e"
            ],
            "version": "==2.18.4"
        },
        "s3transfer": {
            "hashes": [
                "sha256:90dc18e028989c609146e241ea153250be451e05ecc0c2832565231dacdf59c1",
                "sha256:c7a9ec356982d5e9ab2d4b46391a7d6a950e2b04c472419f5fdec70cc0ada72f"
            ],
            "version": "==0.1.13"
        },
        "six": {
            "hashes": [
                "sha256:70e8a77beed4562e7f14fe23a786b54f6296e34344c23bc42f07b15018ff98e9",
                "sha256:832dc0e10feb1aa2c68dcc57dbb658f1c7e65b9b61af69048abc87a2db00a0eb"
            ],
            "version": "==1.11.0"
        },
        "snowballstemmer": {
            "hashes": [
                "sha256:919f26a68b2c17a7634da993d91339e288964f93c274f1343e3bbbe2096e1128",
                "sha256:9f3bcd3c401c3e862ec0ebe6d2c069ebc012ce142cce209c098ccb5b09136e89"
            ],
            "version": "==1.2.1"
        },
        "sphinx": {
            "hashes": [
                "sha256:3e70eb94f7e81b47e0545ebc26b758193b6c8b222e152ded99b9c972e971c731",
                "sha256:f101efd87fbffed8d8aca6ef307fec57693334f39d32efcbc2fc96ed129f4a3e"
            ],
            "index": "pypi",
            "version": "==1.6.4"
        },
        "sphinx-autobuild": {
            "hashes": [
                "sha256:66388f81884666e3821edbe05dd53a0cfb68093873d17320d0610de8db28c74e",
                "sha256:e60aea0789cab02fa32ee63c7acae5ef41c06f1434d9fd0a74250a61f5994692"
            ],
            "index": "pypi",
            "version": "==0.7.1"
        },
        "sphinx-intl": {
            "hashes": [
                "sha256:d80719be2faf33b958e52ca79cba697625e0eb10fd857eb5e8882eae7fb338f5",
                "sha256:e4584a7338028bceecad46c0023bc1d0ed766e96c9f7dfef06cfbacf6792d460"
            ],
            "index": "pypi",
            "version": "==0.9.11"
        },
        "sphinx-me": {
            "hashes": [
                "sha256:2c67a6bbf9d60631a84b687f0bafbfe2cb16e2663deee28ce03d5f07c7d89807",
                "sha256:98bef823a4053ca1ccbbe2322bd855a3c5e98797c50bcfeeb630fe11c47d5f1a"
            ],
            "version": "==0.3"
        },
        "sphinx-rtd-theme": {
            "hashes": [
                "sha256:32424dac2779f0840b4788fbccb032ba2496c1ca47a439ad2510c8b1e55dfd33",
                "sha256:6d0481532b5f441b075127a2d755f430f1f8410a50112b1af6b069518548381d"
            ],
            "index": "pypi",
            "version": "==0.3.1"
        },
        "sphinxcontrib-websupport": {
            "hashes": [
                "sha256:7a85961326aa3a400cd4ad3c816d70ed6f7c740acd7ce5d78cd0a67825072eb9",
                "sha256:f4932e95869599b89bf4f80fc3989132d83c9faa5bf633e7b5e0c25dffb75da2"
            ],
            "version": "==1.0.1"
        },
        "sqlalchemy": {
            "hashes": [
                "sha256:64b4720f0a8e033db0154d3824f5bf677cf2797e11d44743cf0aebd2a0499d9d"
            ],
            "index": "pypi",
            "version": "==1.2.2"
        },
        "subprocess32": {
            "hashes": [
                "sha256:65e0643a99e1519848e5415996507d057b0639ab1329ab64a50d135d54843632",
                "sha256:a24bac119f23fac0e53a3707b5539b214350ddd4d7d49c87d5f3be297ca1607a"
            ],
            "version": "==3.5.0"
        },
        "tornado": {
            "hashes": [
                "sha256:1b83d5c10550f2653380b4c77331d6f8850f287c4f67d7ce1e1c639d9222fbc7",
                "sha256:408d129e9d13d3c55aa73f8084aa97d5f90ed84132e38d6932e63a67d5bec563",
                "sha256:88ce0282cce70df9045e515f578c78f1ebc35dcabe1d70f800c3583ebda7f5f5",
                "sha256:ba9fbb249ac5390bff8a1d6aa4b844fd400701069bda7d2e380dfe2217895101",
                "sha256:c050089173c2e9272244bccfb6a8615fb9e53b79420a5551acfa76094ecc3111"
            ],
            "version": "==5.0.2"
        },
        "typing": {
            "hashes": [
                "sha256:3a887b021a77b292e151afb75323dea88a7bc1b3dfa92176cff8e44c8b68bddf",
                "sha256:b2c689d54e1144bbcfd191b0832980a21c2dbcf7b5ff7a66248a60c90e951eb8",
                "sha256:d400a9344254803a2368533e4533a4200d21eb7b6b729c173bc38201a74db3f2"
            ],
            "markers": "python_version < '3.5'",
            "version": "==3.6.4"
        },
        "urllib3": {
            "hashes": [
                "sha256:06330f386d6e4b195fbfc736b297f58c5a892e4440e54d294d7004e3a9bbea1b",
                "sha256:cc44da8e1145637334317feebd728bd869a35285b93cbb4cca2577da7e62db4f"
            ],
            "version": "==1.22"
        },
        "validators": {
            "hashes": [
                "sha256:79855e18710be5d8ba5e0c16086d76f230af11df2b8341b64995b42153c7f204"
            ],
            "index": "pypi",
            "version": "==0.12.1"
        },
        "vine": {
            "hashes": [
                "sha256:52116d59bc45392af9fdd3b75ed98ae48a93e822cee21e5fda249105c59a7a72",
                "sha256:6849544be74ec3638e84d90bc1cf2e1e9224cc10d96cd4383ec3f69e9bce077b"
            ],
            "version": "==1.1.4"
        },
        "wand": {
            "hashes": [
                "sha256:28e0454c9d16d69c5d5034918d96320d8f9f1377b4fdaf4944eec2f938c74704",
                "sha256:fb50d0ad4cad995f0b59b13f76bced22682ab80b4299084a2c3c535b225850c9"
            ],
            "version": "==0.4.4"
        },
        "watchdog": {
            "hashes": [
                "sha256:7e65882adb7746039b6f3876ee174952f8eaaa34491ba34333ddf1fe35de4162"
            ],
            "version": "==0.8.3"
        },
        "webencodings": {
            "hashes": [
                "sha256:a0af1213f3c2226497a97e2b3aa01a7e4bee4f403f95be16fc9acd2947514a78",
                "sha256:b36a1c245f2d304965eb4e0a82848379241dc04b865afcc4aab16748587e1923"
            ],
            "version": "==0.5.1"
        },
        "wrapt": {
            "hashes": [
                "sha256:d4d560d479f2c21e1b5443bbd15fe7ec4b37fe7e53d335d3b9b0a7b1226fe3c6"
            ],
            "version": "==1.10.11"
        },
        "xhtml2pdf": {
            "hashes": [
                "sha256:61a6af82aa5bda6175fde83c246f0c82b4fa355cc0609746e982bd34db4739d9"
            ],
            "index": "pypi",
            "version": "==0.2.1"
        }
    },
    "develop": {
        "autoflake": {
            "hashes": [
                "sha256:c103e63466f11db3617167a2c68ff6a0cda35b940222920631c6eeec6b67e807"
            ],
            "index": "pypi",
            "version": "==1.2"
        },
        "configparser": {
            "hashes": [
                "sha256:5308b47021bc2340965c371f0f058cc6971a04502638d4244225c49d80db273a"
            ],
            "version": "==3.5.0"
        },
        "django": {
            "hashes": [
                "sha256:c007dba5086061f7d0f4d88a3bc4016d881a7eede86d6c1c4fdbbaadddd53f1d",
                "sha256:c213590aa8599b17a9a914ab017f7dc6fc16c9c69603ecf071100346b8d9d777"
            ],
            "index": "pypi",
            "version": "==1.9.13"
        },
        "django-debug-panel": {
            "hashes": [
                "sha256:51fac401a76c5481d2599b9c30b3a89c5ddabbe1ff3d941f0e17d588ad5fcefb"
            ],
            "index": "pypi",
            "version": "==0.8.3"
        },
        "django-debug-toolbar": {
            "hashes": [
                "sha256:4af2a4e1e932dadbda197b18585962d4fc20172b4e5a479490bc659fe998864d",
                "sha256:d9ea75659f76d8f1e3eb8f390b47fc5bad0908d949c34a8a3c4c87978eb40a0f"
            ],
            "index": "pypi",
            "version": "==1.9.1"
        },
        "enum34": {
            "hashes": [
                "sha256:2d81cbbe0e73112bdfe6ef8576f2238f2ba27dd0d55752a776c41d38b7da2850",
                "sha256:644837f692e5f550741432dd3f223bbb9852018674981b1664e5dc339387588a",
                "sha256:6bd0f6ad48ec2aa117d3d141940d484deccda84d4fcd884f5c3d93c23ecd8c79",
                "sha256:8ad8c4783bf61ded74527bffb48ed9b54166685e4230386a9ed9b1279e2df5b1"
            ],
            "markers": "python_version < '3.4'",
            "version": "==1.1.6"
        },
        "flake8": {
            "hashes": [
                "sha256:7253265f7abd8b313e3892944044a365e3f4ac3fcdcfb4298f55ee9ddf188ba0",
                "sha256:c7841163e2b576d435799169b78703ad6ac1bbb0f199994fc05f700b2a90ea37"
            ],
            "index": "pypi",
            "version": "==3.5.0"
        },
        "future": {
            "hashes": [
                "sha256:e39ced1ab767b5936646cedba8bcce582398233d6a627067d4c6a454c90cfedb"
            ],
            "version": "==0.16.0"
        },
        "futures": {
            "hashes": [
                "sha256:9ec02aa7d674acb8618afb127e27fde7fc68994c0437ad759fa094a574adb265",
                "sha256:ec0a6cb848cc212002b9828c3e34c675e0c9ff6741dc445cab6fdd4e1085d1f1"
            ],
            "markers": "python_version == '2.6' or python_version == '2.7'",
            "version": "==3.2.0"
        },
        "importmagic": {
            "hashes": [
                "sha256:3f7757a5b74c9a291e20e12023bb3bf71bc2fa3adfb15a08570648ab83eaf8d8"
            ],
            "index": "pypi",
            "version": "==0.1.7"
        },
        "isort": {
            "hashes": [
                "sha256:1153601da39a25b14ddc54955dbbacbb6b2d19135386699e2ad58517953b34af",
                "sha256:b9c40e9750f3d77e6e4d441d8b0266cf555e7cdabdcff33c4fd06366ca761ef8",
                "sha256:ec9ef8f4a9bc6f71eec99e1806bfa2de401650d996c59330782b89a5555c1497"
            ],
            "index": "pypi",
            "version": "==4.3.4"
        },
        "jedi": {
            "hashes": [
                "sha256:1972f694c6bc66a2fac8718299e2ab73011d653a6d8059790c3476d2353b99ad",
                "sha256:5861f6dc0c16e024cbb0044999f9cf8013b292c05f287df06d3d991a87a4eb89"
            ],
            "version": "==0.12.0"
        },
        "mccabe": {
            "hashes": [
                "sha256:ab8a6258860da4b6677da4bd2fe5dc2c659cff31b3ee4f7f5d64e79735b80d42",
                "sha256:dd8d182285a0fe56bace7f45b5e7d1a6ebcbf524e8f3bd87eb0f125271b8831f"
            ],
            "version": "==0.6.1"
        },
        "parso": {
            "hashes": [
                "sha256:62bd6bf7f04ab5c817704ff513ef175328676471bdef3629d4bdd46626f75551",
                "sha256:a75a304d7090d2c67bd298091c14ef9d3d560e3c53de1c239617889f61d1d307"
            ],
            "version": "==0.2.0"
        },
        "pluggy": {
            "hashes": [
                "sha256:7f8ae7f5bdf75671a718d2daf0a64b7885f74510bcd98b1a0bb420eb9a9d0cff",
                "sha256:d345c8fe681115900d6da8d048ba67c25df42973bda370783cd58826442dcd7c",
                "sha256:e160a7fcf25762bb60efc7e171d4497ff1d8d2d75a3d0df7a21b76821ecbf5c5"
            ],
            "version": "==0.6.0"
        },
        "pycodestyle": {
            "hashes": [
                "sha256:682256a5b318149ca0d2a9185d365d8864a768a28db66a84a2ea946bcc426766",
                "sha256:6c4245ade1edfad79c3446fadfc96b0de2759662dc29d07d80a6f27ad1ca6ba9"
            ],
            "version": "==2.3.1"
        },
        "pyflakes": {
            "hashes": [
                "sha256:08bd6a50edf8cffa9fa09a463063c425ecaaf10d1eb0335a7e8b1401aef89e6f",
                "sha256:8d616a382f243dbf19b54743f280b80198be0bca3a5396f1d2e1fca6223e8805"
            ],
            "version": "==1.6.0"
        },
        "pyls-isort": {
            "hashes": [
                "sha256:5bad833dab833c4e8d61172428c6ff16e4d334d986fe5dd809aa55c2e7e4fb7f",
                "sha256:eaf323e12d652ed4ccf8365c1f65d55923e5ee5a9cbfa27bdd5f2941a14d16e6"
            ],
            "index": "pypi",
            "version": "==0.1.1"
        },
        "pympler": {
            "hashes": [
                "sha256:7d16c4285f01dcc647f69fb6ed4635788abc7a7cb7caa0065d763f4ce3d21c0f"
            ],
            "index": "pypi",
            "version": "==0.5"
        },
        "python-language-server": {
            "hashes": [
                "sha256:3256dd149fb9142935916b42e9a7fefb9d8a0b7c3a6333f14d77b62ed2322058"
            ],
            "index": "pypi",
            "version": "==0.18.0"
        },
        "pytz": {
            "hashes": [
                "sha256:65ae0c8101309c45772196b21b74c46b2e5d11b6275c45d251b150d5da334555",
                "sha256:c06425302f2cf668f1bba7a0a03f3c1d34d4ebeef2c72003da308b3947c7f749"
            ],
            "version": "==2018.4"
        },
        "sqlparse": {
            "hashes": [
                "sha256:ce028444cfab83be538752a2ffdb56bc417b7784ff35bb9a3062413717807dec",
                "sha256:d9cf190f51cbb26da0412247dfe4fb5f4098edb73db84e02f9fc21fdca31fed4"
            ],
            "version": "==0.2.4"
        },
        "yapf": {
            "hashes": [
                "sha256:7d8ae3567f3fb2d288f127d35e4decb3348c96cd091001e02e818465da618f90",
                "sha256:dd23b52edbb4c0461d0383050f7886175b0df9ab8fd0b67edd41f94e25770993"
            ],
            "index": "pypi",
            "version": "==0.21.0"
        }
    }
}
