dependencies:
- name: postgresql
  repository: https://kubernetes-charts.storage.googleapis.com
  version: 0.13.1
- name: redis
  repository: https://kubernetes-charts.storage.googleapis.com
  version: 3.3.2
- name: minio
  repository: https://kubernetes-charts.storage.googleapis.com
  version: 1.3.3
digest: sha256:5b5d8c38e89a7f959e7742ab887ad0d191d17bf6d6d0ae2b5b0d36f693535bdf
generated: 2018-06-04T15:29:39.469239298-07:00
